// !$*UTF8*$!
{
	archiveVersion = 1;
	classes = {
	};
	objectVersion = 77;
	objects = {

/* Begin PBXContainerItemProxy section */
		F450C9FA2D3E7096008B4617 /* PBXContainerItemProxy */ = {
			isa = PBXContainerItemProxy;
			containerPortal = F450C9E12D3E7095008B4617 /* Project object */;
			proxyType = 1;
			remoteGlobalIDString = F450C9E82D3E7095008B4617;
			remoteInfo = Boardrooms;
		};
		F450CA042D3E7096008B4617 /* PBXContainerItemProxy */ = {
			isa = PBXContainerItemProxy;
			containerPortal = F450C9E12D3E7095008B4617 /* Project object */;
			proxyType = 1;
			remoteGlobalIDString = F450C9E82D3E7095008B4617;
			remoteInfo = Boardrooms;
		};
/* End PBXContainerItemProxy section */

/* Begin PBXFileReference section */
		F450C9E92D3E7095008B4617 /* Boardrooms.app */ = {isa = PBXFileReference; explicitFileType = wrapper.application; includeInIndex = 0; path = Boardrooms.app; sourceTree = BUILT_PRODUCTS_DIR; };
		F450C9F92D3E7096008B4617 /* BoardroomsTests.xctest */ = {isa = PBXFileReference; explicitFileType = wrapper.cfbundle; includeInIndex = 0; path = BoardroomsTests.xctest; sourceTree = BUILT_PRODUCTS_DIR; };
		F450CA032D3E7096008B4617 /* BoardroomsUITests.xctest */ = {isa = PBXFileReference; explicitFileType = wrapper.cfbundle; includeInIndex = 0; path = BoardroomsUITests.xctest; sourceTree = BUILT_PRODUCTS_DIR; };
/* End PBXFileReference section */

/* Begin PBXFileSystemSynchronizedRootGroup section */
		F450C9EB2D3E7095008B4617 /* Boardrooms */ = {
			isa = PBXFileSystemSynchronizedRootGroup;
			path = Boardrooms;
			sourceTree = "<group>";
		};
		F450C9FC2D3E7096008B4617 /* BoardroomsTests */ = {
			isa = PBXFileSystemSynchronizedRootGroup;
			path = BoardroomsTests;
			sourceTree = "<group>";
		};
		F450CA062D3E7096008B4617 /* BoardroomsUITests */ = {
			isa = PBXFileSystemSynchronizedRootGroup;
			path = BoardroomsUITests;
			sourceTree = "<group>";
		};
/* End PBXFileSystemSynchronizedRootGroup section */

/* Begin PBXFrameworksBuildPhase section */
		F450C9E62D3E7095008B4617 /* Frameworks */ = {
			isa = PBXFrameworksBuildPhase;
			buildActionMask = 2147483647;
			files = (
			);
			runOnlyForDeploymentPostprocessing = 0;
		};
		F450C9F62D3E7096008B4617 /* Frameworks */ = {
			isa = PBXFrameworksBuildPhase;
			buildActionMask = 2147483647;
			files = (
			);
			runOnlyForDeploymentPostprocessing = 0;
		};
		F450CA002D3E7096008B4617 /* Frameworks */ = {
			isa = PBXFrameworksBuildPhase;
			buildActionMask = 2147483647;
			files = (
			);
			runOnlyForDeploymentPostprocessing = 0;
		};
/* End PBXFrameworksBuildPhase section */

/* Begin PBXGroup section */
		F450C9E02D3E7095008B4617 = {
			isa = PBXGroup;
			children = (
				F450C9EB2D3E7095008B4617 /* Boardrooms */,
				F450C9FC2D3E7096008B4617 /* BoardroomsTests */,
				F450CA062D3E7096008B4617 /* BoardroomsUITests */,
				F450C9EA2D3E7095008B4617 /* Products */,
			);
			sourceTree = "<group>";
		};
		F450C9EA2D3E7095008B4617 /* Products */ = {
			isa = PBXGroup;
			children = (
				F450C9E92D3E7095008B4617 /* Boardrooms.app */,
				F450C9F92D3E7096008B4617 /* BoardroomsTests.xctest */,
				F450CA032D3E7096008B4617 /* BoardroomsUITests.xctest */,
			);
			name = Products;
			sourceTree = "<group>";
		};
/* End PBXGroup section */

/* Begin PBXNativeTarget section */
		F450C9E82D3E7095008B4617 /* Boardrooms */ = {
			isa = PBXNativeTarget;
			buildConfigurationList = F450CA0D2D3E7096008B4617 /* Build configuration list for PBXNativeTarget "Boardrooms" */;
			buildPhases = (
				F450C9E52D3E7095008B4617 /* Sources */,
				F450C9E62D3E7095008B4617 /* Frameworks */,
				F450C9E72D3E7095008B4617 /* Resources */,
			);
			buildRules = (
			);
			dependencies = (
			);
			fileSystemSynchronizedGroups = (
				F450C9EB2D3E7095008B4617 /* Boardrooms */,
			);
			name = Boardrooms;
			packageProductDependencies = (
			);
			productName = Boardrooms;
			productReference = F450C9E92D3E7095008B4617 /* Boardrooms.app */;
			productType = "com.apple.product-type.application";
		};
		F450C9F82D3E7096008B4617 /* BoardroomsTests */ = {
			isa = PBXNativeTarget;
			buildConfigurationList = F450CA102D3E7096008B4617 /* Build configuration list for PBXNativeTarget "BoardroomsTests" */;
			buildPhases = (
				F450C9F52D3E7096008B4617 /* Sources */,
				F450C9F62D3E7096008B4617 /* Frameworks */,
				F450C9F72D3E7096008B4617 /* Resources */,
			);
			buildRules = (
			);
			dependencies = (
				F450C9FB2D3E7096008B4617 /* PBXTargetDependency */,
			);
			fileSystemSynchronizedGroups = (
				F450C9FC2D3E7096008B4617 /* BoardroomsTests */,
			);
			name = BoardroomsTests;
			packageProductDependencies = (
			);
			productName = BoardroomsTests;
			productReference = F450C9F92D3E7096008B4617 /* BoardroomsTests.xctest */;
			productType = "com.apple.product-type.bundle.unit-test";
		};
		F450CA022D3E7096008B4617 /* BoardroomsUITests */ = {
			isa = PBXNativeTarget;
			buildConfigurationList = F450CA132D3E7096008B4617 /* Build configuration list for PBXNativeTarget "BoardroomsUITests" */;
			buildPhases = (
				F450C9FF2D3E7096008B4617 /* Sources */,
				F450CA002D3E7096008B4617 /* Frameworks */,
				F450CA012D3E7096008B4617 /* Resources */,
			);
			buildRules = (
			);
			dependencies = (
				F450CA052D3E7096008B4617 /* PBXTargetDependency */,
			);
			fileSystemSynchronizedGroups = (
				F450CA062D3E7096008B4617 /* BoardroomsUITests */,
			);
			name = BoardroomsUITests;
			packageProductDependencies = (
			);
			productName = BoardroomsUITests;
			productReference = F450CA032D3E7096008B4617 /* BoardroomsUITests.xctest */;
			productType = "com.apple.product-type.bundle.ui-testing";
		};
/* End PBXNativeTarget section */

/* Begin PBXProject section */
		F450C9E12D3E7095008B4617 /* Project object */ = {
			isa = PBXProject;
			attributes = {
				BuildIndependentTargetsInParallel = 1;
				LastSwiftUpdateCheck = 1620;
				LastUpgradeCheck = 1620;
				TargetAttributes = {
					F450C9E82D3E7095008B4617 = {
						CreatedOnToolsVersion = 16.2;
					};
					F450C9F82D3E7096008B4617 = {
						CreatedOnToolsVersion = 16.2;
						TestTargetID = F450C9E82D3E7095008B4617;
					};
					F450CA022D3E7096008B4617 = {
						CreatedOnToolsVersion = 16.2;
						TestTargetID = F450C9E82D3E7095008B4617;
					};
				};
			};
			buildConfigurationList = F450C9E42D3E7095008B4617 /* Build configuration list for PBXProject "Boardrooms" */;
			developmentRegion = en;
			hasScannedForEncodings = 0;
			knownRegions = (
				en,
				Base,
			);
			mainGroup = F450C9E02D3E7095008B4617;
			minimizedProjectReferenceProxies = 1;
			preferredProjectObjectVersion = 77;
			productRefGroup = F450C9EA2D3E7095008B4617 /* Products */;
			projectDirPath = "";
			projectRoot = "";
			targets = (
				F450C9E82D3E7095008B4617 /* Boardrooms */,
				F450C9F82D3E7096008B4617 /* BoardroomsTests */,
				F450CA022D3E7096008B4617 /* BoardroomsUITests */,
			);
		};
/* End PBXProject section */

/* Begin PBXResourcesBuildPhase section */
		F450C9E72D3E7095008B4617 /* Resources */ = {
			isa = PBXResourcesBuildPhase;
			buildActionMask = 2147483647;
			files = (
			);
			runOnlyForDeploymentPostprocessing = 0;
		};
		F450C9F72D3E7096008B4617 /* Resources */ = {
			isa = PBXResourcesBuildPhase;
			buildActionMask = 2147483647;
			files = (
			);
			runOnlyForDeploymentPostprocessing = 0;
		};
		F450CA012D3E7096008B4617 /* Resources */ = {
			isa = PBXResourcesBuildPhase;
			buildActionMask = 2147483647;
			files = (
			);
			runOnlyForDeploymentPostprocessing = 0;
		};
/* End PBXResourcesBuildPhase section */

/* Begin PBXSourcesBuildPhase section */
		F450C9E52D3E7095008B4617 /* Sources */ = {
			isa = PBXSourcesBuildPhase;
			buildActionMask = 2147483647;
			files = (
			);
			runOnlyForDeploymentPostprocessing = 0;
		};
		F450C9F52D3E7096008B4617 /* Sources */ = {
			isa = PBXSourcesBuildPhase;
			buildActionMask = 2147483647;
			files = (
			);
			runOnlyForDeploymentPostprocessing = 0;
		};
		F450C9FF2D3E7096008B4617 /* Sources */ = {
			isa = PBXSourcesBuildPhase;
			buildActionMask = 2147483647;
			files = (
			);
			runOnlyForDeploymentPostprocessing = 0;
		};
/* End PBXSourcesBuildPhase section */

/* Begin PBXTargetDependency section */
		F450C9FB2D3E7096008B4617 /* PBXTargetDependency */ = {
			isa = PBXTargetDependency;
			target = F450C9E82D3E7095008B4617 /* Boardrooms */;
			targetProxy = F450C9FA2D3E7096008B4617 /* PBXContainerItemProxy */;
		};
		F450CA052D3E7096008B4617 /* PBXTargetDependency */ = {
			isa = PBXTargetDependency;
			target = F450C9E82D3E7095008B4617 /* Boardrooms */;
			targetProxy = F450CA042D3E7096008B4617 /* PBXContainerItemProxy */;
		};
/* End PBXTargetDependency section */

/* Begin XCBuildConfiguration section */
		F450CA0B2D3E7096008B4617 /* Debug */ = {
			isa = XCBuildConfiguration;
			buildSettings = {
				ALWAYS_SEARCH_USER_PATHS = NO;
				ASSETCATALOG_COMPILER_GENERATE_SWIFT_ASSET_SYMBOL_EXTENSIONS = YES;
				CLANG_ANALYZER_NONNULL = YES;
				CLANG_ANALYZER_NUMBER_OBJECT_CONVERSION = YES_AGGRESSIVE;
				CLANG_CXX_LANGUAGE_STANDARD = "gnu++20";
				CLANG_ENABLE_MODULES = YES;
				CLANG_ENABLE_OBJC_ARC = YES;
				CLANG_ENABLE_OBJC_WEAK = YES;
				CLANG_WARN_BLOCK_CAPTURE_AUTORELEASING = YES;
				CLANG_WARN_BOOL_CONVERSION = YES;
				CLANG_WARN_COMMA = YES;
				CLANG_WARN_CONSTANT_CONVERSION = YES;
				CLANG_WARN_DEPRECATED_OBJC_IMPLEMENTATIONS = YES;
				CLANG_WARN_DIRECT_OBJC_ISA_USAGE = YES_ERROR;
				CLANG_WARN_DOCUMENTATION_COMMENTS = YES;
				CLANG_WARN_EMPTY_BODY = YES;
				CLANG_WARN_ENUM_CONVERSION = YES;
				CLANG_WARN_INFINITE_RECURSION = YES;
				CLANG_WARN_INT_CONVERSION = YES;
				CLANG_WARN_NON_LITERAL_NULL_CONVERSION = YES;
				CLANG_WARN_OBJC_IMPLICIT_RETAIN_SELF = YES;
				CLANG_WARN_OBJC_LITERAL_CONVERSION = YES;
				CLANG_WARN_OBJC_ROOT_CLASS = YES_ERROR;
				CLANG_WARN_QUOTED_INCLUDE_IN_FRAMEWORK_HEADER = YES;
				CLANG_WARN_RANGE_LOOP_ANALYSIS = YES;
				CLANG_WARN_STRICT_PROTOTYPES = YES;
				CLANG_WARN_SUSPICIOUS_MOVE = YES;
				CLANG_WARN_UNGUARDED_AVAILABILITY = YES_AGGRESSIVE;
				CLANG_WARN_UNREACHABLE_CODE = YES;
				CLANG_WARN__DUPLICATE_METHOD_MATCH = YES;
				COPY_PHASE_STRIP = NO;
				DEBUG_INFORMATION_FORMAT = dwarf;
				ENABLE_STRICT_OBJC_MSGSEND = YES;
				ENABLE_TESTABILITY = YES;
				ENABLE_USER_SCRIPT_SANDBOXING = YES;
				GCC_C_LANGUAGE_STANDARD = gnu17;
				GCC_DYNAMIC_NO_PIC = NO;
				GCC_NO_COMMON_BLOCKS = YES;
				GCC_OPTIMIZATION_LEVEL = 0;
				GCC_PREPROCESSOR_DEFINITIONS = (
					"DEBUG=1",
					"$(inherited)",
				);
				GCC_WARN_64_TO_32_BIT_CONVERSION = YES;
				GCC_WARN_ABOUT_RETURN_TYPE = YES_ERROR;
				GCC_WARN_UNDECLARED_SELECTOR = YES;
				GCC_WARN_UNINITIALIZED_AUTOS = YES_AGGRESSIVE;
				GCC_WARN_UNUSED_FUNCTION = YES;
				GCC_WARN_UNUSED_VARIABLE = YES;
				IPHONEOS_DEPLOYMENT_TARGET = 18.2;
				LOCALIZATION_PREFERS_STRING_CATALOGS = YES;
				MTL_ENABLE_DEBUG_INFO = INCLUDE_SOURCE;
				MTL_FAST_MATH = YES;
				ONLY_ACTIVE_ARCH = YES;
				SDKROOT = iphoneos;
				SWIFT_ACTIVE_COMPILATION_CONDITIONS = "DEBUG $(inherited)";
				SWIFT_OPTIMIZATION_LEVEL = "-Onone";
			};
			name = Debug;
		};
		F450CA0C2D3E7096008B4617 /* Release */ = {
			isa = XCBuildConfiguration;
			buildSettings = {
				ALWAYS_SEARCH_USER_PATHS = NO;
				ASSETCATALOG_COMPILER_GENERATE_SWIFT_ASSET_SYMBOL_EXTENSIONS = YES;
				CLANG_ANALYZER_NONNULL = YES;
				CLANG_ANALYZER_NUMBER_OBJECT_CONVERSION = YES_AGGRESSIVE;
				CLANG_CXX_LANGUAGE_STANDARD = "gnu++20";
				CLANG_ENABLE_MODULES = YES;
				CLANG_ENABLE_OBJC_ARC = YES;
				CLANG_ENABLE_OBJC_WEAK = YES;
				CLANG_WARN_BLOCK_CAPTURE_AUTORELEASING = YES;
				CLANG_WARN_BOOL_CONVERSION = YES;
				CLANG_WARN_COMMA = YES;
				CLANG_WARN_CONSTANT_CONVERSION = YES;
				CLANG_WARN_DEPRECATED_OBJC_IMPLEMENTATIONS = YES;
				CLANG_WARN_DIRECT_OBJC_ISA_USAGE = YES_ERROR;
				CLANG_WARN_DOCUMENTATION_COMMENTS = YES;
				CLANG_WARN_EMPTY_BODY = YES;
				CLANG_WARN_ENUM_CONVERSION = YES;
				CLANG_WARN_INFINITE_RECURSION = YES;
				CLANG_WARN_INT_CONVERSION = YES;
				CLANG_WARN_NON_LITERAL_NULL_CONVERSION = YES;
				CLANG_WARN_OBJC_IMPLICIT_RETAIN_SELF = YES;
				CLANG_WARN_OBJC_LITERAL_CONVERSION = YES;
				CLANG_WARN_OBJC_ROOT_CLASS = YES_ERROR;
				CLANG_WARN_QUOTED_INCLUDE_IN_FRAMEWORK_HEADER = YES;
				CLANG_WARN_RANGE_LOOP_ANALYSIS = YES;
				CLANG_WARN_STRICT_PROTOTYPES = YES;
				CLANG_WARN_SUSPICIOUS_MOVE = YES;
				CLANG_WARN_UNGUARDED_AVAILABILITY = YES_AGGRESSIVE;
				CLANG_WARN_UNREACHABLE_CODE = YES;
				CLANG_WARN__DUPLICATE_METHOD_MATCH = YES;
				COPY_PHASE_STRIP = NO;
				DEBUG_INFORMATION_FORMAT = "dwarf-with-dsym";
				ENABLE_NS_ASSERTIONS = NO;
				ENABLE_STRICT_OBJC_MSGSEND = YES;
				ENABLE_USER_SCRIPT_SANDBOXING = YES;
				GCC_C_LANGUAGE_STANDARD = gnu17;
				GCC_NO_COMMON_BLOCKS = YES;
				GCC_WARN_64_TO_32_BIT_CONVERSION = YES;
				GCC_WARN_ABOUT_RETURN_TYPE = YES_ERROR;
				GCC_WARN_UNDECLARED_SELECTOR = YES;
				GCC_WARN_UNINITIALIZED_AUTOS = YES_AGGRESSIVE;
				GCC_WARN_UNUSED_FUNCTION = YES;
				GCC_WARN_UNUSED_VARIABLE = YES;
				IPHONEOS_DEPLOYMENT_TARGET = 18.2;
				LOCALIZATION_PREFERS_STRING_CATALOGS = YES;
				MTL_ENABLE_DEBUG_INFO = NO;
				MTL_FAST_MATH = YES;
				SDKROOT = iphoneos;
				SWIFT_COMPILATION_MODE = wholemodule;
				VALIDATE_PRODUCT = YES;
			};
			name = Release;
		};
		F450CA0E2D3E7096008B4617 /* Debug */ = {
			isa = XCBuildConfiguration;
			buildSettings = {
				ASSETCATALOG_COMPILER_APPICON_NAME = AppIcon;
				ASSETCATALOG_COMPILER_GLOBAL_ACCENT_COLOR_NAME = AccentColor;
				CODE_SIGN_STYLE = Automatic;
				CURRENT_PROJECT_VERSION = 1;
				DEVELOPMENT_ASSET_PATHS = "\"Boardrooms/Preview Content\"";
				ENABLE_PREVIEWS = YES;
				GENERATE_INFOPLIST_FILE = YES;
				INFOPLIST_KEY_UIApplicationSceneManifest_Generation = YES;
				INFOPLIST_KEY_UIApplicationSupportsIndirectInputEvents = YES;
				INFOPLIST_KEY_UILaunchScreen_Generation = YES;
				INFOPLIST_KEY_UISupportedInterfaceOrientations_iPad = "UIInterfaceOrientationPortrait UIInterfaceOrientationPortraitUpsideDown UIInterfaceOrientationLandscapeLeft UIInterfaceOrientationLandscapeRight";
				INFOPLIST_KEY_UISupportedInterfaceOrientations_iPhone = "UIInterfaceOrientationPortrait UIInterfaceOrientationLandscapeLeft UIInterfaceOrientationLandscapeRight";
				LD_RUNPATH_SEARCH_PATHS = (
					"$(inherited)",
					"@executable_path/Frameworks",
				);
				MARKETING_VERSION = 1.0;
				PRODUCT_BUNDLE_IDENTIFIER = M.Boardrooms;
				PRODUCT_NAME = "$(TARGET_NAME)";
				SWIFT_EMIT_LOC_STRINGS = YES;
				SWIFT_VERSION = 5.0;
				TARGETED_DEVICE_FAMILY = "1,2";
			};
			name = Debug;
		};
		F450CA0F2D3E7096008B4617 /* Release */ = {
			isa = XCBuildConfiguration;
			buildSettings = {
				ASSETCATALOG_COMPILER_APPICON_NAME = AppIcon;
				ASSETCATALOG_COMPILER_GLOBAL_ACCENT_COLOR_NAME = AccentColor;
				CODE_SIGN_STYLE = Automatic;
				CURRENT_PROJECT_VERSION = 1;
				DEVELOPMENT_ASSET_PATHS = "\"Boardrooms/Preview Content\"";
				ENABLE_PREVIEWS = YES;
				GENERATE_INFOPLIST_FILE = YES;
				INFOPLIST_KEY_UIApplicationSceneManifest_Generation = YES;
				INFOPLIST_KEY_UIApplicationSupportsIndirectInputEvents = YES;
				INFOPLIST_KEY_UILaunchScreen_Generation = YES;
				INFOPLIST_KEY_UISupportedInterfaceOrientations_iPad = "UIInterfaceOrientationPortrait UIInterfaceOrientationPortraitUpsideDown UIInterfaceOrientationLandscapeLeft UIInterfaceOrientationLandscapeRight";
				INFOPLIST_KEY_UISupportedInterfaceOrientations_iPhone = "UIInterfaceOrientationPortrait UIInterfaceOrientationLandscapeLeft UIInterfaceOrientationLandscapeRight";
				LD_RUNPATH_SEARCH_PATHS = (
					"$(inherited)",
					"@executable_path/Frameworks",
				);
				MARKETING_VERSION = 1.0;
				PRODUCT_BUNDLE_IDENTIFIER = M.Boardrooms;
				PRODUCT_NAME = "$(TARGET_NAME)";
				SWIFT_EMIT_LOC_STRINGS = YES;
				SWIFT_VERSION = 5.0;
				TARGETED_DEVICE_FAMILY = "1,2";
			};
			name = Release;
		};
		F450CA112D3E7096008B4617 /* Debug */ = {
			isa = XCBuildConfiguration;
			buildSettings = {
				BUNDLE_LOADER = "$(TEST_HOST)";
				CODE_SIGN_STYLE = Automatic;
				CURRENT_PROJECT_VERSION = 1;
				GENERATE_INFOPLIST_FILE = YES;
				IPHONEOS_DEPLOYMENT_TARGET = 18.2;
				MARKETING_VERSION = 1.0;
				PRODUCT_BUNDLE_IDENTIFIER = M.BoardroomsTests;
				PRODUCT_NAME = "$(TARGET_NAME)";
				SWIFT_EMIT_LOC_STRINGS = NO;
				SWIFT_VERSION = 5.0;
				TARGETED_DEVICE_FAMILY = "1,2";
				TEST_HOST = "$(BUILT_PRODUCTS_DIR)/Boardrooms.app/$(BUNDLE_EXECUTABLE_FOLDER_PATH)/Boardrooms";
			};
			name = Debug;
		};
		F450CA122D3E7096008B4617 /* Release */ = {
			isa = XCBuildConfiguration;
			buildSettings = {
				BUNDLE_LOADER = "$(TEST_HOST)";
				CODE_SIGN_STYLE = Automatic;
				CURRENT_PROJECT_VERSION = 1;
				GENERATE_INFOPLIST_FILE = YES;
				IPHONEOS_DEPLOYMENT_TARGET = 18.2;
				MARKETING_VERSION = 1.0;
				PRODUCT_BUNDLE_IDENTIFIER = M.BoardroomsTests;
				PRODUCT_NAME = "$(TARGET_NAME)";
				SWIFT_EMIT_LOC_STRINGS = NO;
				SWIFT_VERSION = 5.0;
				TARGETED_DEVICE_FAMILY = "1,2";
				TEST_HOST = "$(BUILT_PRODUCTS_DIR)/Boardrooms.app/$(BUNDLE_EXECUTABLE_FOLDER_PATH)/Boardrooms";
			};
			name = Release;
		};
		F450CA142D3E7096008B4617 /* Debug */ = {
			isa = XCBuildConfiguration;
			buildSettings = {
				CODE_SIGN_STYLE = Automatic;
				CURRENT_PROJECT_VERSION = 1;
				GENERATE_INFOPLIST_FILE = YES;
				MARKETING_VERSION = 1.0;
				PRODUCT_BUNDLE_IDENTIFIER = M.BoardroomsUITests;
				PRODUCT_NAME = "$(TARGET_NAME)";
				SWIFT_EMIT_LOC_STRINGS = NO;
				SWIFT_VERSION = 5.0;
				TARGETED_DEVICE_FAMILY = "1,2";
				TEST_TARGET_NAME = Boardrooms;
			};
			name = Debug;
		};
		F450CA152D3E7096008B4617 /* Release */ = {
			isa = XCBuildConfiguration;
			buildSettings = {
				CODE_SIGN_STYLE = Automatic;
				CURRENT_PROJECT_VERSION = 1;
				GENERATE_INFOPLIST_FILE = YES;
				MARKETING_VERSION = 1.0;
				PRODUCT_BUNDLE_IDENTIFIER = M.BoardroomsUITests;
				PRODUCT_NAME = "$(TARGET_NAME)";
				SWIFT_EMIT_LOC_STRINGS = NO;
				SWIFT_VERSION = 5.0;
				TARGETED_DEVICE_FAMILY = "1,2";
				TEST_TARGET_NAME = Boardrooms;
			};
			name = Release;
		};
/* End XCBuildConfiguration section */

/* Begin XCConfigurationList section */
		F450C9E42D3E7095008B4617 /* Build configuration list for PBXProject "Boardrooms" */ = {
			isa = XCConfigurationList;
			buildConfigurations = (
				F450CA0B2D3E7096008B4617 /* Debug */,
				F450CA0C2D3E7096008B4617 /* Release */,
			);
			defaultConfigurationIsVisible = 0;
			defaultConfigurationName = Release;
		};
		F450CA0D2D3E7096008B4617 /* Build configuration list for PBXNativeTarget "Boardrooms" */ = {
			isa = XCConfigurationList;
			buildConfigurations = (
				F450CA0E2D3E7096008B4617 /* Debug */,
				F450CA0F2D3E7096008B4617 /* Release */,
			);
			defaultConfigurationIsVisible = 0;
			defaultConfigurationName = Release;
		};
		F450CA102D3E7096008B4617 /* Build configuration list for PBXNativeTarget "BoardroomsTests" */ = {
			isa = XCConfigurationList;
			buildConfigurations = (
				F450CA112D3E7096008B4617 /* Debug */,
				F450CA122D3E7096008B4617 /* Release */,
			);
			defaultConfigurationIsVisible = 0;
			defaultConfigurationName = Release;
		};
		F450CA132D3E7096008B4617 /* Build configuration list for PBXNativeTarget "BoardroomsUITests" */ = {
			isa = XCConfigurationList;
			buildConfigurations = (
				F450CA142D3E7096008B4617 /* Debug */,
				F450CA152D3E7096008B4617 /* Release */,
			);
			defaultConfigurationIsVisible = 0;
			defaultConfigurationName = Release;
		};
/* End XCConfigurationList section */
	};
	rootObject = F450C9E12D3E7095008B4617 /* Project object */;
}
